
Microsoft Visual Studio Solution File, Format Version 12.00
# Visual Studio Version 17
VisualStudioVersion = 17.0.32014.148
MinimumVisualStudioVersion = 10.0.40219.1
Project("{FAE04EC0-301F-11D3-BF4B-00C04F79EFBC}") = "PRNG", "PRNG\PRNG.csproj", "{4466AC51-190B-4084-9BD7-01F186D08019}"
EndProject
Project("{FAE04EC0-301F-11D3-BF4B-00C04F79EFBC}") = "RandomNumberGeneratorConsoleApp", "RandomNumberGeneratorConsoleApp\RandomNumberGeneratorConsoleApp.csproj", "{8E0ABFBE-B6D8-4AE2-84B2-FD2159398DFD}"
EndProject
Global
	GlobalSection(SolutionConfigurationPlatforms) = preSolution
		Debug|Any CPU = Debug|Any CPU
		Release|Any CPU = Release|Any CPU
	EndGlobalSection
	GlobalSection(ProjectConfigurationPlatforms) = postSolution
		{4466AC51-190B-4084-9BD7-01F186D08019}.Debug|Any CPU.ActiveCfg = Debug|Any CPU
		{4466AC51-190B-4084-9BD7-01F186D08019}.Debug|Any CPU.Build.0 = Debug|Any CPU
		{4466AC51-190B-4084-9BD7-01F186D08019}.Release|Any CPU.ActiveCfg = Release|Any CPU
		{4466AC51-190B-4084-9BD7-01F186D08019}.Release|Any CPU.Build.0 = Release|Any CPU
		{8E0ABFBE-B6D8-4AE2-84B2-FD2159398DFD}.Debug|Any CPU.ActiveCfg = Debug|Any CPU
		{8E0ABFBE-B6D8-4AE2-84B2-FD2159398DFD}.Debug|Any CPU.Build.0 = Debug|Any CPU
		{8E0ABFBE-B6D8-4AE2-84B2-FD2159398DFD}.Release|Any CPU.ActiveCfg = Release|Any CPU
		{8E0ABFBE-B6D8-4AE2-84B2-FD2159398DFD}.Release|Any CPU.Build.0 = Release|Any CPU
	EndGlobalSection
	GlobalSection(SolutionProperties) = preSolution
		HideSolutionNode = FALSE
	EndGlobalSection
	GlobalSection(ExtensibilityGlobals) = postSolution
		SolutionGuid = {1168CE7E-0300-4152-AAFE-2A2AFA9FFC85}
	EndGlobalSection
EndGlobal
